// !$*UTF8*$!
{
	archiveVersion = 1;
	classes = {
	};
	objectVersion = 46;
	objects = {

/* Begin PBXBuildFile section */
		25FC676A1930A1B10022D904 /* Foundation.framework in Frameworks */ = {isa = PBXBuildFile; fileRef = 25FC67691930A1B10022D904 /* Foundation.framework */; };
		25FC676C1930A1B10022D904 /* CoreGraphics.framework in Frameworks */ = {isa = PBXBuildFile; fileRef = 25FC676B1930A1B10022D904 /* CoreGraphics.framework */; };
		25FC676E1930A1B10022D904 /* UIKit.framework in Frameworks */ = {isa = PBXBuildFile; fileRef = 25FC676D1930A1B10022D904 /* UIKit.framework */; };
		25FC67741930A1B10022D904 /* InfoPlist.strings in Resources */ = {isa = PBXBuildFile; fileRef = 25FC67721930A1B10022D904 /* InfoPlist.strings */; };
		25FC67761930A1B10022D904 /* main.m in Sources */ = {isa = PBXBuildFile; fileRef = 25FC67751930A1B10022D904 /* main.m */; };
		25FC677A1930A1B10022D904 /* MBAppDelegate.m in Sources */ = {isa = PBXBuildFile; fileRef = 25FC67791930A1B10022D904 /* MBAppDelegate.m */; };
		25FC677D1930A1B10022D904 /* Main.storyboard in Resources */ = {isa = PBXBuildFile; fileRef = 25FC677B1930A1B10022D904 /* Main.storyboard */; };
		25FC67801930A1B10022D904 /* MBViewController.m in Sources */ = {isa = PBXBuildFile; fileRef = 25FC677F1930A1B10022D904 /* MBViewController.m */; };
		25FC67821930A1B10022D904 /* Images.xcassets in Resources */ = {isa = PBXBuildFile; fileRef = 25FC67811930A1B10022D904 /* Images.xcassets */; };
		25FC67891930A1B10022D904 /* XCTest.framework in Frameworks */ = {isa = PBXBuildFile; fileRef = 25FC67881930A1B10022D904 /* XCTest.framework */; };
		25FC678A1930A1B10022D904 /* Foundation.framework in Frameworks */ = {isa = PBXBuildFile; fileRef = 25FC67691930A1B10022D904 /* Foundation.framework */; };
		25FC678B1930A1B10022D904 /* UIKit.framework in Frameworks */ = {isa = PBXBuildFile; fileRef = 25FC676D1930A1B10022D904 /* UIKit.framework */; };
		25FC67931930A1B10022D904 /* InfoPlist.strings in Resources */ = {isa = PBXBuildFile; fileRef = 25FC67911930A1B10022D904 /* InfoPlist.strings */; };
		25FC67951930A1B10022D904 /* MathBookTests.m in Sources */ = {isa = PBXBuildFile; fileRef = 25FC67941930A1B10022D904 /* MathBookTests.m */; };
		25FC67A01930A2CC0022D904 /* MBQuizListViewController.m in Sources */ = {isa = PBXBuildFile; fileRef = 25FC679F1930A2CC0022D904 /* MBQuizListViewController.m */; };
		25FC67A31930BDEE0022D904 /* MBQuizObject.m in Sources */ = {isa = PBXBuildFile; fileRef = 25FC67A21930BDEE0022D904 /* MBQuizObject.m */; };
/* End PBXBuildFile section */

/* Begin PBXContainerItemProxy section */
		25FC678C1930A1B10022D904 /* PBXContainerItemProxy */ = {
			isa = PBXContainerItemProxy;
			containerPortal = 25FC675E1930A1B10022D904 /* Project object */;
			proxyType = 1;
			remoteGlobalIDString = 25FC67651930A1B10022D904;
			remoteInfo = MathBook;
		};
/* End PBXContainerItemProxy section */

/* Begin PBXFileReference section */
		25FC67661930A1B10022D904 /* MathBook.app */ = {isa = PBXFileReference; explicitFileType = wrapper.application; includeInIndex = 0; path = MathBook.app; sourceTree = BUILT_PRODUCTS_DIR; };
		25FC67691930A1B10022D904 /* Foundation.framework */ = {isa = PBXFileReference; lastKnownFileType = wrapper.framework; name = Foundation.framework; path = System/Library/Frameworks/Foundation.framework; sourceTree = SDKROOT; };
		25FC676B1930A1B10022D904 /* CoreGraphics.framework */ = {isa = PBXFileReference; lastKnownFileType = wrapper.framework; name = CoreGraphics.framework; path = System/Library/Frameworks/CoreGraphics.framework; sourceTree = SDKROOT; };
		25FC676D1930A1B10022D904 /* UIKit.framework */ = {isa = PBXFileReference; lastKnownFileType = wrapper.framework; name = UIKit.framework; path = System/Library/Frameworks/UIKit.framework; sourceTree = SDKROOT; };
		25FC67711930A1B10022D904 /* MathBook-Info.plist */ = {isa = PBXFileReference; lastKnownFileType = text.plist.xml; path = "MathBook-Info.plist"; sourceTree = "<group>"; };
		25FC67731930A1B10022D904 /* en */ = {isa = PBXFileReference; lastKnownFileType = text.plist.strings; name = en; path = en.lproj/InfoPlist.strings; sourceTree = "<group>"; };
		25FC67751930A1B10022D904 /* main.m */ = {isa = PBXFileReference; lastKnownFileType = sourcecode.c.objc; path = main.m; sourceTree = "<group>"; };
		25FC67771930A1B10022D904 /* MathBook-Prefix.pch */ = {isa = PBXFileReference; lastKnownFileType = sourcecode.c.h; path = "MathBook-Prefix.pch"; sourceTree = "<group>"; };
		25FC67781930A1B10022D904 /* MBAppDelegate.h */ = {isa = PBXFileReference; lastKnownFileType = sourcecode.c.h; path = MBAppDelegate.h; sourceTree = "<group>"; };
		25FC67791930A1B10022D904 /* MBAppDelegate.m */ = {isa = PBXFileReference; lastKnownFileType = sourcecode.c.objc; path = MBAppDelegate.m; sourceTree = "<group>"; };
		25FC677C1930A1B10022D904 /* Base */ = {isa = PBXFileReference; lastKnownFileType = file.storyboard; name = Base; path = Base.lproj/Main.storyboard; sourceTree = "<group>"; };
		25FC677E1930A1B10022D904 /* MBViewController.h */ = {isa = PBXFileReference; lastKnownFileType = sourcecode.c.h; path = MBViewController.h; sourceTree = "<group>"; };
		25FC677F1930A1B10022D904 /* MBViewController.m */ = {isa = PBXFileReference; lastKnownFileType = sourcecode.c.objc; path = MBViewController.m; sourceTree = "<group>"; };
		25FC67811930A1B10022D904 /* Images.xcassets */ = {isa = PBXFileReference; lastKnownFileType = folder.assetcatalog; path = Images.xcassets; sourceTree = "<group>"; };
		25FC67871930A1B10022D904 /* MathBookTests.xctest */ = {isa = PBXFileReference; explicitFileType = wrapper.cfbundle; includeInIndex = 0; path = MathBookTests.xctest; sourceTree = BUILT_PRODUCTS_DIR; };
		25FC67881930A1B10022D904 /* XCTest.framework */ = {isa = PBXFileReference; lastKnownFileType = wrapper.framework; name = XCTest.framework; path = Library/Frameworks/XCTest.framework; sourceTree = DEVELOPER_DIR; };
		25FC67901930A1B10022D904 /* MathBookTests-Info.plist */ = {isa = PBXFileReference; lastKnownFileType = text.plist.xml; path = "MathBookTests-Info.plist"; sourceTree = "<group>"; };
		25FC67921930A1B10022D904 /* en */ = {isa = PBXFileReference; lastKnownFileType = text.plist.strings; name = en; path = en.lproj/InfoPlist.strings; sourceTree = "<group>"; };
		25FC67941930A1B10022D904 /* MathBookTests.m */ = {isa = PBXFileReference; lastKnownFileType = sourcecode.c.objc; path = MathBookTests.m; sourceTree = "<group>"; };
		25FC679E1930A2CC0022D904 /* MBQuizListViewController.h */ = {isa = PBXFileReference; fileEncoding = 4; lastKnownFileType = sourcecode.c.h; path = MBQuizListViewController.h; sourceTree = "<group>"; };
		25FC679F1930A2CC0022D904 /* MBQuizListViewController.m */ = {isa = PBXFileReference; fileEncoding = 4; lastKnownFileType = sourcecode.c.objc; path = MBQuizListViewController.m; sourceTree = "<group>"; };
		25FC67A11930BDEE0022D904 /* MBQuizObject.h */ = {isa = PBXFileReference; fileEncoding = 4; lastKnownFileType = sourcecode.c.h; path = MBQuizObject.h; sourceTree = "<group>"; };
		25FC67A21930BDEE0022D904 /* MBQuizObject.m */ = {isa = PBXFileReference; fileEncoding = 4; lastKnownFileType = sourcecode.c.objc; path = MBQuizObject.m; sourceTree = "<group>"; };
/* End PBXFileReference section */

/* Begin PBXFrameworksBuildPhase section */
		25FC67631930A1B10022D904 /* Frameworks */ = {
			isa = PBXFrameworksBuildPhase;
			buildActionMask = 2147483647;
			files = (
				25FC676C1930A1B10022D904 /* CoreGraphics.framework in Frameworks */,
				25FC676E1930A1B10022D904 /* UIKit.framework in Frameworks */,
				25FC676A1930A1B10022D904 /* Foundation.framework in Frameworks */,
			);
			runOnlyForDeploymentPostprocessing = 0;
		};
		25FC67841930A1B10022D904 /* Frameworks */ = {
			isa = PBXFrameworksBuildPhase;
			buildActionMask = 2147483647;
			files = (
				25FC67891930A1B10022D904 /* XCTest.framework in Frameworks */,
				25FC678B1930A1B10022D904 /* UIKit.framework in Frameworks */,
				25FC678A1930A1B10022D904 /* Foundation.framework in Frameworks */,
			);
			runOnlyForDeploymentPostprocessing = 0;
		};
/* End PBXFrameworksBuildPhase section */

/* Begin PBXGroup section */
		25FC675D1930A1B10022D904 = {
			isa = PBXGroup;
			children = (
				25FC676F1930A1B10022D904 /* MathBook */,
				25FC678E1930A1B10022D904 /* MathBookTests */,
				25FC67681930A1B10022D904 /* Frameworks */,
				25FC67671930A1B10022D904 /* Products */,
			);
			sourceTree = "<group>";
		};
		25FC67671930A1B10022D904 /* Products */ = {
			isa = PBXGroup;
			children = (
				25FC67661930A1B10022D904 /* MathBook.app */,
				25FC67871930A1B10022D904 /* MathBookTests.xctest */,
			);
			name = Products;
			sourceTree = "<group>";
		};
		25FC67681930A1B10022D904 /* Frameworks */ = {
			isa = PBXGroup;
			children = (
				25FC67691930A1B10022D904 /* Foundation.framework */,
				25FC676B1930A1B10022D904 /* CoreGraphics.framework */,
				25FC676D1930A1B10022D904 /* UIKit.framework */,
				25FC67881930A1B10022D904 /* XCTest.framework */,
			);
			name = Frameworks;
			sourceTree = "<group>";
		};
		25FC676F1930A1B10022D904 /* MathBook */ = {
			isa = PBXGroup;
			children = (
				25FC67781930A1B10022D904 /* MBAppDelegate.h */,
				25FC67791930A1B10022D904 /* MBAppDelegate.m */,
				25FC677B1930A1B10022D904 /* Main.storyboard */,
				25FC677E1930A1B10022D904 /* MBViewController.h */,
				25FC677F1930A1B10022D904 /* MBViewController.m */,
				25FC679E1930A2CC0022D904 /* MBQuizListViewController.h */,
				25FC679F1930A2CC0022D904 /* MBQuizListViewController.m */,
				25FC67A11930BDEE0022D904 /* MBQuizObject.h */,
				25FC67A21930BDEE0022D904 /* MBQuizObject.m */,
				25FC67811930A1B10022D904 /* Images.xcassets */,
				25FC67701930A1B10022D904 /* Supporting Files */,
			);
			path = MathBook;
			sourceTree = "<group>";
		};
		25FC67701930A1B10022D904 /* Supporting Files */ = {
			isa = PBXGroup;
			children = (
				25FC67711930A1B10022D904 /* MathBook-Info.plist */,
				25FC67721930A1B10022D904 /* InfoPlist.strings */,
				25FC67751930A1B10022D904 /* main.m */,
				25FC67771930A1B10022D904 /* MathBook-Prefix.pch */,
			);
			name = "Supporting Files";
			sourceTree = "<group>";
		};
		25FC678E1930A1B10022D904 /* MathBookTests */ = {
			isa = PBXGroup;
			children = (
				25FC67941930A1B10022D904 /* MathBookTests.m */,
				25FC678F1930A1B10022D904 /* Supporting Files */,
			);
			path = MathBookTests;
			sourceTree = "<group>";
		};
		25FC678F1930A1B10022D904 /* Supporting Files */ = {
			isa = PBXGroup;
			children = (
				25FC67901930A1B10022D904 /* MathBookTests-Info.plist */,
				25FC67911930A1B10022D904 /* InfoPlist.strings */,
			);
			name = "Supporting Files";
			sourceTree = "<group>";
		};
/* End PBXGroup section */

/* Begin PBXNativeTarget section */
		25FC67651930A1B10022D904 /* MathBook */ = {
			isa = PBXNativeTarget;
			buildConfigurationList = 25FC67981930A1B10022D904 /* Build configuration list for PBXNativeTarget "MathBook" */;
			buildPhases = (
				25FC67621930A1B10022D904 /* Sources */,
				25FC67631930A1B10022D904 /* Frameworks */,
				25FC67641930A1B10022D904 /* Resources */,
			);
			buildRules = (
			);
			dependencies = (
			);
			name = MathBook;
			productName = MathBook;
			productReference = 25FC67661930A1B10022D904 /* MathBook.app */;
			productType = "com.apple.product-type.application";
		};
		25FC67861930A1B10022D904 /* MathBookTests */ = {
			isa = PBXNativeTarget;
			buildConfigurationList = 25FC679B1930A1B10022D904 /* Build configuration list for PBXNativeTarget "MathBookTests" */;
			buildPhases = (
				25FC67831930A1B10022D904 /* Sources */,
				25FC67841930A1B10022D904 /* Frameworks */,
				25FC67851930A1B10022D904 /* Resources */,
			);
			buildRules = (
			);
			dependencies = (
				25FC678D1930A1B10022D904 /* PBXTargetDependency */,
			);
			name = MathBookTests;
			productName = MathBookTests;
			productReference = 25FC67871930A1B10022D904 /* MathBookTests.xctest */;
			productType = "com.apple.product-type.bundle.unit-test";
		};
/* End PBXNativeTarget section */

/* Begin PBXProject section */
		25FC675E1930A1B10022D904 /* Project object */ = {
			isa = PBXProject;
			attributes = {
				CLASSPREFIX = MB;
				LastUpgradeCheck = 0510;
				ORGANIZATIONNAME = "Torques Inc.";
				TargetAttributes = {
					25FC67861930A1B10022D904 = {
						TestTargetID = 25FC67651930A1B10022D904;
					};
				};
			};
			buildConfigurationList = 25FC67611930A1B10022D904 /* Build configuration list for PBXProject "MathBook" */;
			compatibilityVersion = "Xcode 3.2";
			developmentRegion = English;
			hasScannedForEncodings = 0;
			knownRegions = (
				en,
				Base,
			);
			mainGroup = 25FC675D1930A1B10022D904;
			productRefGroup = 25FC67671930A1B10022D904 /* Products */;
			projectDirPath = "";
			projectRoot = "";
			targets = (
				25FC67651930A1B10022D904 /* MathBook */,
				25FC67861930A1B10022D904 /* MathBookTests */,
			);
		};
/* End PBXProject section */

/* Begin PBXResourcesBuildPhase section */
		25FC67641930A1B10022D904 /* Resources */ = {
			isa = PBXResourcesBuildPhase;
			buildActionMask = 2147483647;
			files = (
				25FC67821930A1B10022D904 /* Images.xcassets in Resources */,
				25FC67741930A1B10022D904 /* InfoPlist.strings in Resources */,
				25FC677D1930A1B10022D904 /* Main.storyboard in Resources */,
			);
			runOnlyForDeploymentPostprocessing = 0;
		};
		25FC67851930A1B10022D904 /* Resources */ = {
			isa = PBXResourcesBuildPhase;
			buildActionMask = 2147483647;
			files = (
				25FC67931930A1B10022D904 /* InfoPlist.strings in Resources */,
			);
			runOnlyForDeploymentPostprocessing = 0;
		};
/* End PBXResourcesBuildPhase section */

/* Begin PBXSourcesBuildPhase section */
		25FC67621930A1B10022D904 /* Sources */ = {
			isa = PBXSourcesBuildPhase;
			buildActionMask = 2147483647;
			files = (
				25FC67A01930A2CC0022D904 /* MBQuizListViewController.m in Sources */,
				25FC67761930A1B10022D904 /* main.m in Sources */,
				25FC67A31930BDEE0022D904 /* MBQuizObject.m in Sources */,
				25FC67801930A1B10022D904 /* MBViewController.m in Sources */,
				25FC677A1930A1B10022D904 /* MBAppDelegate.m in Sources */,
			);
			runOnlyForDeploymentPostprocessing = 0;
		};
		25FC67831930A1B10022D904 /* Sources */ = {
			isa = PBXSourcesBuildPhase;
			buildActionMask = 2147483647;
			files = (
				25FC67951930A1B10022D904 /* MathBookTests.m in Sources */,
			);
			runOnlyForDeploymentPostprocessing = 0;
		};
/* End PBXSourcesBuildPhase section */

/* Begin PBXTargetDependency section */
		25FC678D1930A1B10022D904 /* PBXTargetDependency */ = {
			isa = PBXTargetDependency;
			target = 25FC67651930A1B10022D904 /* MathBook */;
			targetProxy = 25FC678C1930A1B10022D904 /* PBXContainerItemProxy */;
		};
/* End PBXTargetDependency section */

/* Begin PBXVariantGroup section */
		25FC67721930A1B10022D904 /* InfoPlist.strings */ = {
			isa = PBXVariantGroup;
			children = (
				25FC67731930A1B10022D904 /* en */,
			);
			name = InfoPlist.strings;
			sourceTree = "<group>";
		};
		25FC677B1930A1B10022D904 /* Main.storyboard */ = {
			isa = PBXVariantGroup;
			children = (
				25FC677C1930A1B10022D904 /* Base */,
			);
			name = Main.storyboard;
			sourceTree = "<group>";
		};
		25FC67911930A1B10022D904 /* InfoPlist.strings */ = {
			isa = PBXVariantGroup;
			children = (
				25FC67921930A1B10022D904 /* en */,
			);
			name = InfoPlist.strings;
			sourceTree = "<group>";
		};
/* End PBXVariantGroup section */

/* Begin XCBuildConfiguration section */
		25FC67961930A1B10022D904 /* Debug */ = {
			isa = XCBuildConfiguration;
			buildSettings = {
				ALWAYS_SEARCH_USER_PATHS = NO;
				CLANG_CXX_LANGUAGE_STANDARD = "gnu++0x";
				CLANG_CXX_LIBRARY = "libc++";
				CLANG_ENABLE_MODULES = YES;
				CLANG_ENABLE_OBJC_ARC = YES;
				CLANG_WARN_BOOL_CONVERSION = YES;
				CLANG_WARN_CONSTANT_CONVERSION = YES;
				CLANG_WARN_DIRECT_OBJC_ISA_USAGE = YES_ERROR;
				CLANG_WARN_EMPTY_BODY = YES;
				CLANG_WARN_ENUM_CONVERSION = YES;
				CLANG_WARN_INT_CONVERSION = YES;
				CLANG_WARN_OBJC_ROOT_CLASS = YES_ERROR;
				CLANG_WARN__DUPLICATE_METHOD_MATCH = YES;
				"CODE_SIGN_IDENTITY[sdk=iphoneos*]" = "iPhone Developer";
				COPY_PHASE_STRIP = NO;
				GCC_C_LANGUAGE_STANDARD = gnu99;
				GCC_DYNAMIC_NO_PIC = NO;
				GCC_OPTIMIZATION_LEVEL = 0;
				GCC_PREPROCESSOR_DEFINITIONS = (
					"DEBUG=1",
					"$(inherited)",
				);
				GCC_SYMBOLS_PRIVATE_EXTERN = NO;
				GCC_WARN_64_TO_32_BIT_CONVERSION = YES;
				GCC_WARN_ABOUT_RETURN_TYPE = YES_ERROR;
				GCC_WARN_UNDECLARED_SELECTOR = YES;
				GCC_WARN_UNINITIALIZED_AUTOS = YES_AGGRESSIVE;
				GCC_WARN_UNUSED_FUNCTION = YES;
				GCC_WARN_UNUSED_VARIABLE = YES;
				IPHONEOS_DEPLOYMENT_TARGET = 7.1;
				ONLY_ACTIVE_ARCH = YES;
				SDKROOT = iphoneos;
			};
			name = Debug;
		};
		25FC67971930A1B10022D904 /* Release */ = {
			isa = XCBuildConfiguration;
			buildSettings = {
				ALWAYS_SEARCH_USER_PATHS = NO;
				CLANG_CXX_LANGUAGE_STANDARD = "gnu++0x";
				CLANG_CXX_LIBRARY = "libc++";
				CLANG_ENABLE_MODULES = YES;
				CLANG_ENABLE_OBJC_ARC = YES;
				CLANG_WARN_BOOL_CONVERSION = YES;
				CLANG_WARN_CONSTANT_CONVERSION = YES;
				CLANG_WARN_DIRECT_OBJC_ISA_USAGE = YES_ERROR;
				CLANG_WARN_EMPTY_BODY = YES;
				CLANG_WARN_ENUM_CONVERSION = YES;
				CLANG_WARN_INT_CONVERSION = YES;
				CLANG_WARN_OBJC_ROOT_CLASS = YES_ERROR;
				CLANG_WARN__DUPLICATE_METHOD_MATCH = YES;
				"CODE_SIGN_IDENTITY[sdk=iphoneos*]" = "iPhone Developer";
				COPY_PHASE_STRIP = YES;
				ENABLE_NS_ASSERTIONS = NO;
				GCC_C_LANGUAGE_STANDARD = gnu99;
				GCC_WARN_64_TO_32_BIT_CONVERSION = YES;
				GCC_WARN_ABOUT_RETURN_TYPE = YES_ERROR;
				GCC_WARN_UNDECLARED_SELECTOR = YES;
				GCC_WARN_UNINITIALIZED_AUTOS = YES_AGGRESSIVE;
				GCC_WARN_UNUSED_FUNCTION = YES;
				GCC_WARN_UNUSED_VARIABLE = YES;
				IPHONEOS_DEPLOYMENT_TARGET = 7.1;
				SDKROOT = iphoneos;
				VALIDATE_PRODUCT = YES;
			};
			name = Release;
		};
		25FC67991930A1B10022D904 /* Debug */ = {
			isa = XCBuildConfiguration;
			buildSettings = {
				ASSETCATALOG_COMPILER_APPICON_NAME = AppIcon;
				ASSETCATALOG_COMPILER_LAUNCHIMAGE_NAME = LaunchImage;
				GCC_PRECOMPILE_PREFIX_HEADER = YES;
				GCC_PREFIX_HEADER = "MathBook/MathBook-Prefix.pch";
				INFOPLIST_FILE = "MathBook/MathBook-Info.plist";
				PRODUCT_NAME = "$(TARGET_NAME)";
				WRAPPER_EXTENSION = app;
			};
			name = Debug;
		};
		25FC679A1930A1B10022D904 /* Release */ = {
			isa = XCBuildConfiguration;
			buildSettings = {
				ASSETCATALOG_COMPILER_APPICON_NAME = AppIcon;
				ASSETCATALOG_COMPILER_LAUNCHIMAGE_NAME = LaunchImage;
				GCC_PRECOMPILE_PREFIX_HEADER = YES;
				GCC_PREFIX_HEADER = "MathBook/MathBook-Prefix.pch";
				INFOPLIST_FILE = "MathBook/MathBook-Info.plist";
				PRODUCT_NAME = "$(TARGET_NAME)";
				WRAPPER_EXTENSION = app;
			};
			name = Release;
		};
		25FC679C1930A1B10022D904 /* Debug */ = {
			isa = XCBuildConfiguration;
			buildSettings = {
				BUNDLE_LOADER = "$(BUILT_PRODUCTS_DIR)/MathBook.app/MathBook";
				FRAMEWORK_SEARCH_PATHS = (
					"$(SDKROOT)/Developer/Library/Frameworks",
					"$(inherited)",
					"$(DEVELOPER_FRAMEWORKS_DIR)",
				);
				GCC_PRECOMPILE_PREFIX_HEADER = YES;
				GCC_PREFIX_HEADER = "MathBook/MathBook-Prefix.pch";
				GCC_PREPROCESSOR_DEFINITIONS = (
					"DEBUG=1",
					"$(inherited)",
				);
				INFOPLIST_FILE = "MathBookTests/MathBookTests-Info.plist";
				PRODUCT_NAME = "$(TARGET_NAME)";
				TEST_HOST = "$(BUNDLE_LOADER)";
				WRAPPER_EXTENSION = xctest;
			};
			name = Debug;
		};
		25FC679D1930A1B10022D904 /* Release */ = {
			isa = XCBuildConfiguration;
			buildSettings = {
				BUNDLE_LOADER = "$(BUILT_PRODUCTS_DIR)/MathBook.app/MathBook";
				FRAMEWORK_SEARCH_PATHS = (
					"$(SDKROOT)/Developer/Library/Frameworks",
					"$(inherited)",
					"$(DEVELOPER_FRAMEWORKS_DIR)",
				);
				GCC_PRECOMPILE_PREFIX_HEADER = YES;
				GCC_PREFIX_HEADER = "MathBook/MathBook-Prefix.pch";
				INFOPLIST_FILE = "MathBookTests/MathBookTests-Info.plist";
				PRODUCT_NAME = "$(TARGET_NAME)";
				TEST_HOST = "$(BUNDLE_LOADER)";
				WRAPPER_EXTENSION = xctest;
			};
			name = Release;
		};
/* End XCBuildConfiguration section */

/* Begin XCConfigurationList section */
		25FC67611930A1B10022D904 /* Build configuration list for PBXProject "MathBook" */ = {
			isa = XCConfigurationList;
			buildConfigurations = (
				25FC67961930A1B10022D904 /* Debug */,
				25FC67971930A1B10022D904 /* Release */,
			);
			defaultConfigurationIsVisible = 0;
			defaultConfigurationName = Release;
		};
		25FC67981930A1B10022D904 /* Build configuration list for PBXNativeTarget "MathBook" */ = {
			isa = XCConfigurationList;
			buildConfigurations = (
				25FC67991930A1B10022D904 /* Debug */,
				25FC679A1930A1B10022D904 /* Release */,
			);
			defaultConfigurationIsVisible = 0;
		};
		25FC679B1930A1B10022D904 /* Build configuration list for PBXNativeTarget "MathBookTests" */ = {
			isa = XCConfigurationList;
			buildConfigurations = (
				25FC679C1930A1B10022D904 /* Debug */,
				25FC679D1930A1B10022D904 /* Release */,
			);
			defaultConfigurationIsVisible = 0;
		};
/* End XCConfigurationList section */
	};
	rootObject = 25FC675E1930A1B10022D904 /* Project object */;
}
